<?xml version="1.0" encoding="utf-8"?>
<Project ToolsVersion="4.0" xmlns="http://schemas.microsoft.com/developer/msbuild/2003">
  <ItemGroup>
    <Filter Include="소스 파일">
      <UniqueIdentifier>{4FC737F1-C7A5-4376-A066-2A32D752A2FF}</UniqueIdentifier>
      <Extensions>cpp;c;cc;cxx;def;odl;idl;hpj;bat;asm;asmx</Extensions>
    </Filter>
    <Filter Include="헤더 파일">
      <UniqueIdentifier>{93995380-89BD-4b04-88EB-625FBE52EBFB}</UniqueIdentifier>
      <Extensions>h;hh;hpp;hxx;hm;inl;inc;xsd</Extensions>
    </Filter>
    <Filter Include="리소스 파일">
      <UniqueIdentifier>{67DA6AB6-F800-4c08-8B7A-83BB121AAD01}</UniqueIdentifier>
      <Extensions>rc;ico;cur;bmp;dlg;rc2;rct;bin;rgs;gif;jpg;jpeg;jpe;resx;tiff;tif;png;wav;mfcribbon-ms</Extensions>
    </Filter>
  </ItemGroup>
  <ItemGroup>
    <Text Include="ReadMe.txt" />
  </ItemGroup>
  <ItemGroup>
    <ClInclude Include="3DViewer.h">
      <Filter>헤더 파일</Filter>
    </ClInclude>
    <ClInclude Include="stdafx.h">
      <Filter>헤더 파일</Filter>
    </ClInclude>
    <ClInclude Include="targetver.h">
      <Filter>헤더 파일</Filter>
    </ClInclude>
    <ClInclude Include="MainFrm.h">
      <Filter>헤더 파일</Filter>
    </ClInclude>
    <ClInclude Include="3DViewerDoc.h">
      <Filter>헤더 파일</Filter>
    </ClInclude>
    <ClInclude Include="3DViewerView.h">
      <Filter>헤더 파일</Filter>
    </ClInclude>
    <ClInclude Include="Resource.h">
      <Filter>헤더 파일</Filter>
    </ClInclude>
    <ClInclude Include="jbMath.h">
      <Filter>헤더 파일</Filter>
    </ClInclude>
    <ClInclude Include="cCube.h">
      <Filter>헤더 파일</Filter>
    </ClInclude>
    <ClInclude Include="Utill.h">
      <Filter>헤더 파일</Filter>
    </ClInclude>
    <ClInclude Include="cCamera.h">
      <Filter>헤더 파일</Filter>
    </ClInclude>
    <ClInclude Include="cMain.h">
      <Filter>헤더 파일</Filter>
    </ClInclude>
    <ClInclude Include="cFigure.h">
      <Filter>헤더 파일</Filter>
    </ClInclude>
    <ClInclude Include="cLight.h">
      <Filter>헤더 파일</Filter>
    </ClInclude>
    <ClInclude Include="cSphere.h">
      <Filter>헤더 파일</Filter>
    </ClInclude>
    <ClInclude Include="cTorus.h">
      <Filter>헤더 파일</Filter>
    </ClInclude>
    <ClInclude Include="cBoundbox.h">
      <Filter>헤더 파일</Filter>
    </ClInclude>
    <ClInclude Include="cLoader.h">
      <Filter>헤더 파일</Filter>
    </ClInclude>
    <ClInclude Include="cMesh.h">
      <Filter>헤더 파일</Filter>
    </ClInclude>
    <ClInclude Include="cGrid.h">
      <Filter>헤더 파일</Filter>
    </ClInclude>
    <ClInclude Include="cPyramid.h">
      <Filter>헤더 파일</Filter>
    </ClInclude>
    <ClInclude Include="cTriangle.h">
      <Filter>헤더 파일</Filter>
    </ClInclude>
  </ItemGroup>
  <ItemGroup>
    <ClCompile Include="3DViewer.cpp">
      <Filter>소스 파일</Filter>
    </ClCompile>
    <ClCompile Include="stdafx.cpp">
      <Filter>소스 파일</Filter>
    </ClCompile>
    <ClCompile Include="MainFrm.cpp">
      <Filter>소스 파일</Filter>
    </ClCompile>
    <ClCompile Include="3DViewerDoc.cpp">
      <Filter>소스 파일</Filter>
    </ClCompile>
    <ClCompile Include="3DViewerView.cpp">
      <Filter>소스 파일</Filter>
    </ClCompile>
    <ClCompile Include="jbMath.cpp">
      <Filter>소스 파일</Filter>
    </ClCompile>
    <ClCompile Include="cCube.cpp">
      <Filter>소스 파일</Filter>
    </ClCompile>
    <ClCompile Include="Utill.cpp">
      <Filter>소스 파일</Filter>
    </ClCompile>
    <ClCompile Include="cCamera.cpp">
      <Filter>소스 파일</Filter>
    </ClCompile>
    <ClCompile Include="cMain.cpp">
      <Filter>소스 파일</Filter>
    </ClCompile>
    <ClCompile Include="cFigure.cpp">
      <Filter>소스 파일</Filter>
    </ClCompile>
    <ClCompile Include="cLight.cpp">
      <Filter>소스 파일</Filter>
    </ClCompile>
    <ClCompile Include="cSphere.cpp">
      <Filter>소스 파일</Filter>
    </ClCompile>
    <ClCompile Include="cTorus.cpp">
      <Filter>소스 파일</Filter>
    </ClCompile>
    <ClCompile Include="cBoundbox.cpp">
      <Filter>소스 파일</Filter>
    </ClCompile>
    <ClCompile Include="cLoader.cpp">
      <Filter>소스 파일</Filter>
    </ClCompile>
    <ClCompile Include="cMesh.cpp">
      <Filter>소스 파일</Filter>
    </ClCompile>
    <ClCompile Include="cGrid.cpp">
      <Filter>소스 파일</Filter>
    </ClCompile>
    <ClCompile Include="cPyramid.cpp">
      <Filter>소스 파일</Filter>
    </ClCompile>
    <ClCompile Include="cTriangle.cpp">
      <Filter>소스 파일</Filter>
    </ClCompile>
  </ItemGroup>
  <ItemGroup>
    <ResourceCompile Include="3DViewer.rc">
      <Filter>리소스 파일</Filter>
    </ResourceCompile>
  </ItemGroup>
  <ItemGroup>
    <None Include="res\My3DViewer.rc2">
      <Filter>리소스 파일</Filter>
    </None>
    <None Include="ClassDiagram.cd" />
  </ItemGroup>
  <ItemGroup>
    <Image Include="res\3DViewerDoc.ico">
      <Filter>리소스 파일</Filter>
    </Image>
    <Image Include="res\3DViewer.ico">
      <Filter>리소스 파일</Filter>
    </Image>
    <Image Include="res\Toolbar.bmp">
      <Filter>리소스 파일</Filter>
    </Image>
    <Image Include="res\bitmap1.bmp">
      <Filter>리소스 파일</Filter>
    </Image>
  </ItemGroup>
</Project>